// !$*UTF8*$!
{
	archiveVersion = 1;
	classes = {
	};
	objectVersion = 55;
	objects = {

/* Begin PBXBuildFile section */
		79132B212841258B0084018F /* LoadingView.swift in Sources */ = {isa = PBXBuildFile; fileRef = 79132B202841258B0084018F /* LoadingView.swift */; };
		7929C7CF28436C4700BD9034 /* HourlyForecast.swift in Sources */ = {isa = PBXBuildFile; fileRef = 7929C7CE28436C4700BD9034 /* HourlyForecast.swift */; };
		793516962841E09A00C5F710 /* WeatherModel.swift in Sources */ = {isa = PBXBuildFile; fileRef = 793516952841E09A00C5F710 /* WeatherModel.swift */; };
		793516982841EE5400C5F710 /* ViewExtensions.swift in Sources */ = {isa = PBXBuildFile; fileRef = 793516972841EE5400C5F710 /* ViewExtensions.swift */; };
		7935169C2841F7E500C5F710 /* WeatherRowView.swift in Sources */ = {isa = PBXBuildFile; fileRef = 7935169B2841F7E500C5F710 /* WeatherRowView.swift */; };
		7935169E2842621400C5F710 /* SearchRowView.swift in Sources */ = {isa = PBXBuildFile; fileRef = 7935169D2842621400C5F710 /* SearchRowView.swift */; };
		793516A228429AE400C5F710 /* DailyForecast.swift in Sources */ = {isa = PBXBuildFile; fileRef = 793516A128429AE400C5F710 /* DailyForecast.swift */; };
		795503E5284085AC00AC5B1F /* WeatherAppApp.swift in Sources */ = {isa = PBXBuildFile; fileRef = 795503E4284085AC00AC5B1F /* WeatherAppApp.swift */; };
		795503E7284085AC00AC5B1F /* ContentView.swift in Sources */ = {isa = PBXBuildFile; fileRef = 795503E6284085AC00AC5B1F /* ContentView.swift */; };
		795503E9284085AE00AC5B1F /* Assets.xcassets in Resources */ = {isa = PBXBuildFile; fileRef = 795503E8284085AE00AC5B1F /* Assets.xcassets */; };
		795503EC284085AE00AC5B1F /* Preview Assets.xcassets in Resources */ = {isa = PBXBuildFile; fileRef = 795503EB284085AE00AC5B1F /* Preview Assets.xcassets */; };
		795503F92840930200AC5B1F /* CurrentWeatherView.swift in Sources */ = {isa = PBXBuildFile; fileRef = 795503F82840930200AC5B1F /* CurrentWeatherView.swift */; };
		795503FB2840931000AC5B1F /* SearchView.swift in Sources */ = {isa = PBXBuildFile; fileRef = 795503FA2840931000AC5B1F /* SearchView.swift */; };
		795503FD2840939F00AC5B1F /* ForecastView.swift in Sources */ = {isa = PBXBuildFile; fileRef = 795503FC2840939F00AC5B1F /* ForecastView.swift */; };
		795503FF284093F400AC5B1F /* ForecastHourlyView.swift in Sources */ = {isa = PBXBuildFile; fileRef = 795503FE284093F400AC5B1F /* ForecastHourlyView.swift */; };
		795504032840A86B00AC5B1F /* Int+Extensions.swift in Sources */ = {isa = PBXBuildFile; fileRef = 795504002840A86B00AC5B1F /* Int+Extensions.swift */; };
		795504042840A86B00AC5B1F /* Date+Extensions.swift in Sources */ = {isa = PBXBuildFile; fileRef = 795504012840A86B00AC5B1F /* Date+Extensions.swift */; };
		795504052840A86B00AC5B1F /* Double+Extensions.swift in Sources */ = {isa = PBXBuildFile; fileRef = 795504022840A86B00AC5B1F /* Double+Extensions.swift */; };
		795504082840AECE00AC5B1F /* WeatherManager.swift in Sources */ = {isa = PBXBuildFile; fileRef = 795504072840AECE00AC5B1F /* WeatherManager.swift */; };
		7955040A2840AEEE00AC5B1F /* Constants.swift in Sources */ = {isa = PBXBuildFile; fileRef = 795504092840AEEE00AC5B1F /* Constants.swift */; };
		7955040C28411AC200AC5B1F /* Weather.swift in Sources */ = {isa = PBXBuildFile; fileRef = 7955040B28411AC200AC5B1F /* Weather.swift */; };
/* End PBXBuildFile section */

/* Begin PBXFileReference section */
		79132B202841258B0084018F /* LoadingView.swift */ = {isa = PBXFileReference; lastKnownFileType = sourcecode.swift; path = LoadingView.swift; sourceTree = "<group>"; };
		7929C7CE28436C4700BD9034 /* HourlyForecast.swift */ = {isa = PBXFileReference; lastKnownFileType = sourcecode.swift; path = HourlyForecast.swift; sourceTree = "<group>"; };
		793516952841E09A00C5F710 /* WeatherModel.swift */ = {isa = PBXFileReference; lastKnownFileType = sourcecode.swift; path = WeatherModel.swift; sourceTree = "<group>"; };
		793516972841EE5400C5F710 /* ViewExtensions.swift */ = {isa = PBXFileReference; lastKnownFileType = sourcecode.swift; path = ViewExtensions.swift; sourceTree = "<group>"; };
		7935169B2841F7E500C5F710 /* WeatherRowView.swift */ = {isa = PBXFileReference; lastKnownFileType = sourcecode.swift; path = WeatherRowView.swift; sourceTree = "<group>"; };
		7935169D2842621400C5F710 /* SearchRowView.swift */ = {isa = PBXFileReference; lastKnownFileType = sourcecode.swift; path = SearchRowView.swift; sourceTree = "<group>"; };
		793516A128429AE400C5F710 /* DailyForecast.swift */ = {isa = PBXFileReference; lastKnownFileType = sourcecode.swift; path = DailyForecast.swift; sourceTree = "<group>"; };
		795503E1284085AC00AC5B1F /* WeatherApp.app */ = {isa = PBXFileReference; explicitFileType = wrapper.application; includeInIndex = 0; path = WeatherApp.app; sourceTree = BUILT_PRODUCTS_DIR; };
		795503E4284085AC00AC5B1F /* WeatherAppApp.swift */ = {isa = PBXFileReference; lastKnownFileType = sourcecode.swift; path = WeatherAppApp.swift; sourceTree = "<group>"; };
		795503E6284085AC00AC5B1F /* ContentView.swift */ = {isa = PBXFileReference; lastKnownFileType = sourcecode.swift; path = ContentView.swift; sourceTree = "<group>"; };
		795503E8284085AE00AC5B1F /* Assets.xcassets */ = {isa = PBXFileReference; lastKnownFileType = folder.assetcatalog; path = Assets.xcassets; sourceTree = "<group>"; };
		795503EB284085AE00AC5B1F /* Preview Assets.xcassets */ = {isa = PBXFileReference; lastKnownFileType = folder.assetcatalog; path = "Preview Assets.xcassets"; sourceTree = "<group>"; };
		795503F82840930200AC5B1F /* CurrentWeatherView.swift */ = {isa = PBXFileReference; lastKnownFileType = sourcecode.swift; path = CurrentWeatherView.swift; sourceTree = "<group>"; };
		795503FA2840931000AC5B1F /* SearchView.swift */ = {isa = PBXFileReference; lastKnownFileType = sourcecode.swift; path = SearchView.swift; sourceTree = "<group>"; };
		795503FC2840939F00AC5B1F /* ForecastView.swift */ = {isa = PBXFileReference; lastKnownFileType = sourcecode.swift; path = ForecastView.swift; sourceTree = "<group>"; };
		795503FE284093F400AC5B1F /* ForecastHourlyView.swift */ = {isa = PBXFileReference; lastKnownFileType = sourcecode.swift; path = ForecastHourlyView.swift; sourceTree = "<group>"; };
		795504002840A86B00AC5B1F /* Int+Extensions.swift */ = {isa = PBXFileReference; fileEncoding = 4; lastKnownFileType = sourcecode.swift; path = "Int+Extensions.swift"; sourceTree = "<group>"; };
		795504012840A86B00AC5B1F /* Date+Extensions.swift */ = {isa = PBXFileReference; fileEncoding = 4; lastKnownFileType = sourcecode.swift; path = "Date+Extensions.swift"; sourceTree = "<group>"; };
		795504022840A86B00AC5B1F /* Double+Extensions.swift */ = {isa = PBXFileReference; fileEncoding = 4; lastKnownFileType = sourcecode.swift; path = "Double+Extensions.swift"; sourceTree = "<group>"; };
		795504072840AECE00AC5B1F /* WeatherManager.swift */ = {isa = PBXFileReference; lastKnownFileType = sourcecode.swift; path = WeatherManager.swift; sourceTree = "<group>"; };
		795504092840AEEE00AC5B1F /* Constants.swift */ = {isa = PBXFileReference; lastKnownFileType = sourcecode.swift; path = Constants.swift; sourceTree = "<group>"; };
		7955040B28411AC200AC5B1F /* Weather.swift */ = {isa = PBXFileReference; lastKnownFileType = sourcecode.swift; path = Weather.swift; sourceTree = "<group>"; };
/* End PBXFileReference section */

/* Begin PBXFrameworksBuildPhase section */
		795503DE284085AC00AC5B1F /* Frameworks */ = {
			isa = PBXFrameworksBuildPhase;
			buildActionMask = 2147483647;
			files = (
			);
			runOnlyForDeploymentPostprocessing = 0;
		};
/* End PBXFrameworksBuildPhase section */

/* Begin PBXGroup section */
		79026D62284DA84000B1FAA9 /* HOmepage */ = {
			isa = PBXGroup;
			children = (
				795503F82840930200AC5B1F /* CurrentWeatherView.swift */,
				7935169B2841F7E500C5F710 /* WeatherRowView.swift */,
			);
			path = HOmepage;
			sourceTree = "<group>";
		};
		79026D63284DA86600B1FAA9 /* Search */ = {
			isa = PBXGroup;
			children = (
				795503FA2840931000AC5B1F /* SearchView.swift */,
				7935169D2842621400C5F710 /* SearchRowView.swift */,
			);
			path = Search;
			sourceTree = "<group>";
		};
		79026D64284DA86E00B1FAA9 /* Forecast for days */ = {
			isa = PBXGroup;
			children = (
				795503FC2840939F00AC5B1F /* ForecastView.swift */,
			);
			path = "Forecast for days";
			sourceTree = "<group>";
		};
		79026D65284DA88300B1FAA9 /* Forecast for hours */ = {
			isa = PBXGroup;
			children = (
				795503FE284093F400AC5B1F /* ForecastHourlyView.swift */,
			);
			path = "Forecast for hours";
			sourceTree = "<group>";
		};
		795503D8284085AC00AC5B1F = {
			isa = PBXGroup;
			children = (
				795503E3284085AC00AC5B1F /* WeatherApp */,
				795503E2284085AC00AC5B1F /* Products */,
			);
			sourceTree = "<group>";
		};
		795503E2284085AC00AC5B1F /* Products */ = {
			isa = PBXGroup;
			children = (
				795503E1284085AC00AC5B1F /* WeatherApp.app */,
			);
			name = Products;
			sourceTree = "<group>";
		};
		795503E3284085AC00AC5B1F /* WeatherApp */ = {
			isa = PBXGroup;
			children = (
				795504062840AC0C00AC5B1F /* Managers */,
				795503F6284086D500AC5B1F /* API */,
				795503F52840863B00AC5B1F /* Extensions */,
				795503F42840862C00AC5B1F /* Views */,
				795503F32840862200AC5B1F /* Entities */,
				795503F22840861B00AC5B1F /* Models */,
				795503E4284085AC00AC5B1F /* WeatherAppApp.swift */,
				795503E6284085AC00AC5B1F /* ContentView.swift */,
				795503E8284085AE00AC5B1F /* Assets.xcassets */,
				795503EA284085AE00AC5B1F /* Preview Content */,
			);
			path = WeatherApp;
			sourceTree = "<group>";
		};
		795503EA284085AE00AC5B1F /* Preview Content */ = {
			isa = PBXGroup;
			children = (
				795503EB284085AE00AC5B1F /* Preview Assets.xcassets */,
			);
			path = "Preview Content";
			sourceTree = "<group>";
		};
		795503F22840861B00AC5B1F /* Models */ = {
			isa = PBXGroup;
			children = (
				793516952841E09A00C5F710 /* WeatherModel.swift */,
			);
			path = Models;
			sourceTree = "<group>";
		};
		795503F32840862200AC5B1F /* Entities */ = {
			isa = PBXGroup;
			children = (
				7955040B28411AC200AC5B1F /* Weather.swift */,
				793516A128429AE400C5F710 /* DailyForecast.swift */,
				7929C7CE28436C4700BD9034 /* HourlyForecast.swift */,
			);
			path = Entities;
			sourceTree = "<group>";
		};
		795503F42840862C00AC5B1F /* Views */ = {
			isa = PBXGroup;
			children = (
				79026D65284DA88300B1FAA9 /* Forecast for hours */,
				79026D64284DA86E00B1FAA9 /* Forecast for days */,
				79026D63284DA86600B1FAA9 /* Search */,
				79026D62284DA84000B1FAA9 /* HOmepage */,
				79132B202841258B0084018F /* LoadingView.swift */,
			);
			path = Views;
			sourceTree = "<group>";
		};
		795503F52840863B00AC5B1F /* Extensions */ = {
			isa = PBXGroup;
			children = (
				795504012840A86B00AC5B1F /* Date+Extensions.swift */,
				795504022840A86B00AC5B1F /* Double+Extensions.swift */,
				795504002840A86B00AC5B1F /* Int+Extensions.swift */,
				793516972841EE5400C5F710 /* ViewExtensions.swift */,
			);
			path = Extensions;
			sourceTree = "<group>";
		};
		795503F6284086D500AC5B1F /* API */ = {
			isa = PBXGroup;
			children = (
				795504092840AEEE00AC5B1F /* Constants.swift */,
			);
			path = API;
			sourceTree = "<group>";
		};
		795504062840AC0C00AC5B1F /* Managers */ = {
			isa = PBXGroup;
			children = (
				795504072840AECE00AC5B1F /* WeatherManager.swift */,
			);
			path = Managers;
			sourceTree = "<group>";
		};
/* End PBXGroup section */

/* Begin PBXNativeTarget section */
		795503E0284085AC00AC5B1F /* WeatherApp */ = {
			isa = PBXNativeTarget;
			buildConfigurationList = 795503EF284085AE00AC5B1F /* Build configuration list for PBXNativeTarget "WeatherApp" */;
			buildPhases = (
				795503DD284085AC00AC5B1F /* Sources */,
				795503DE284085AC00AC5B1F /* Frameworks */,
				795503DF284085AC00AC5B1F /* Resources */,
			);
			buildRules = (
			);
			dependencies = (
			);
			name = WeatherApp;
			productName = WeatherApp;
			productReference = 795503E1284085AC00AC5B1F /* WeatherApp.app */;
			productType = "com.apple.product-type.application";
		};
/* End PBXNativeTarget section */

/* Begin PBXProject section */
		795503D9284085AC00AC5B1F /* Project object */ = {
			isa = PBXProject;
			attributes = {
				BuildIndependentTargetsInParallel = 1;
				LastSwiftUpdateCheck = 1340;
				LastUpgradeCheck = 1340;
				TargetAttributes = {
					795503E0284085AC00AC5B1F = {
						CreatedOnToolsVersion = 13.4;
					};
				};
			};
			buildConfigurationList = 795503DC284085AC00AC5B1F /* Build configuration list for PBXProject "WeatherApp" */;
			compatibilityVersion = "Xcode 13.0";
			developmentRegion = en;
			hasScannedForEncodings = 0;
			knownRegions = (
				en,
				Base,
			);
			mainGroup = 795503D8284085AC00AC5B1F;
			productRefGroup = 795503E2284085AC00AC5B1F /* Products */;
			projectDirPath = "";
			projectRoot = "";
			targets = (
				795503E0284085AC00AC5B1F /* WeatherApp */,
			);
		};
/* End PBXProject section */

/* Begin PBXResourcesBuildPhase section */
		795503DF284085AC00AC5B1F /* Resources */ = {
			isa = PBXResourcesBuildPhase;
			buildActionMask = 2147483647;
			files = (
				795503EC284085AE00AC5B1F /* Preview Assets.xcassets in Resources */,
				795503E9284085AE00AC5B1F /* Assets.xcassets in Resources */,
			);
			runOnlyForDeploymentPostprocessing = 0;
		};
/* End PBXResourcesBuildPhase section */

/* Begin PBXSourcesBuildPhase section */
		795503DD284085AC00AC5B1F /* Sources */ = {
			isa = PBXSourcesBuildPhase;
			buildActionMask = 2147483647;
			files = (
				795503FF284093F400AC5B1F /* ForecastHourlyView.swift in Sources */,
				7955040A2840AEEE00AC5B1F /* Constants.swift in Sources */,
				7935169C2841F7E500C5F710 /* WeatherRowView.swift in Sources */,
				795504042840A86B00AC5B1F /* Date+Extensions.swift in Sources */,
				795504082840AECE00AC5B1F /* WeatherManager.swift in Sources */,
				7955040C28411AC200AC5B1F /* Weather.swift in Sources */,
				795503FB2840931000AC5B1F /* SearchView.swift in Sources */,
				793516A228429AE400C5F710 /* DailyForecast.swift in Sources */,
				795504052840A86B00AC5B1F /* Double+Extensions.swift in Sources */,
				795503FD2840939F00AC5B1F /* ForecastView.swift in Sources */,
				795503F92840930200AC5B1F /* CurrentWeatherView.swift in Sources */,
				795504032840A86B00AC5B1F /* Int+Extensions.swift in Sources */,
				7935169E2842621400C5F710 /* SearchRowView.swift in Sources */,
				793516962841E09A00C5F710 /* WeatherModel.swift in Sources */,
				795503E7284085AC00AC5B1F /* ContentView.swift in Sources */,
				79132B212841258B0084018F /* LoadingView.swift in Sources */,
				7929C7CF28436C4700BD9034 /* HourlyForecast.swift in Sources */,
				793516982841EE5400C5F710 /* ViewExtensions.swift in Sources */,
				795503E5284085AC00AC5B1F /* WeatherAppApp.swift in Sources */,
			);
			runOnlyForDeploymentPostprocessing = 0;
		};
/* End PBXSourcesBuildPhase section */

/* Begin XCBuildConfiguration section */
		795503ED284085AE00AC5B1F /* Debug */ = {
			isa = XCBuildConfiguration;
			buildSettings = {
				ALWAYS_SEARCH_USER_PATHS = NO;
				CLANG_ANALYZER_NONNULL = YES;
				CLANG_ANALYZER_NUMBER_OBJECT_CONVERSION = YES_AGGRESSIVE;
				CLANG_CXX_LANGUAGE_STANDARD = "gnu++17";
				CLANG_ENABLE_MODULES = YES;
				CLANG_ENABLE_OBJC_ARC = YES;
				CLANG_ENABLE_OBJC_WEAK = YES;
				CLANG_WARN_BLOCK_CAPTURE_AUTORELEASING = YES;
				CLANG_WARN_BOOL_CONVERSION = YES;
				CLANG_WARN_COMMA = YES;
				CLANG_WARN_CONSTANT_CONVERSION = YES;
				CLANG_WARN_DEPRECATED_OBJC_IMPLEMENTATIONS = YES;
				CLANG_WARN_DIRECT_OBJC_ISA_USAGE = YES_ERROR;
				CLANG_WARN_DOCUMENTATION_COMMENTS = YES;
				CLANG_WARN_EMPTY_BODY = YES;
				CLANG_WARN_ENUM_CONVERSION = YES;
				CLANG_WARN_INFINITE_RECURSION = YES;
				CLANG_WARN_INT_CONVERSION = YES;
				CLANG_WARN_NON_LITERAL_NULL_CONVERSION = YES;
				CLANG_WARN_OBJC_IMPLICIT_RETAIN_SELF = YES;
				CLANG_WARN_OBJC_LITERAL_CONVERSION = YES;
				CLANG_WARN_OBJC_ROOT_CLASS = YES_ERROR;
				CLANG_WARN_QUOTED_INCLUDE_IN_FRAMEWORK_HEADER = YES;
				CLANG_WARN_RANGE_LOOP_ANALYSIS = YES;
				CLANG_WARN_STRICT_PROTOTYPES = YES;
				CLANG_WARN_SUSPICIOUS_MOVE = YES;
				CLANG_WARN_UNGUARDED_AVAILABILITY = YES_AGGRESSIVE;
				CLANG_WARN_UNREACHABLE_CODE = YES;
				CLANG_WARN__DUPLICATE_METHOD_MATCH = YES;
				COPY_PHASE_STRIP = NO;
				DEBUG_INFORMATION_FORMAT = dwarf;
				ENABLE_STRICT_OBJC_MSGSEND = YES;
				ENABLE_TESTABILITY = YES;
				GCC_C_LANGUAGE_STANDARD = gnu11;
				GCC_DYNAMIC_NO_PIC = NO;
				GCC_NO_COMMON_BLOCKS = YES;
				GCC_OPTIMIZATION_LEVEL = 0;
				GCC_PREPROCESSOR_DEFINITIONS = (
					"DEBUG=1",
					"$(inherited)",
				);
				GCC_WARN_64_TO_32_BIT_CONVERSION = YES;
				GCC_WARN_ABOUT_RETURN_TYPE = YES_ERROR;
				GCC_WARN_UNDECLARED_SELECTOR = YES;
				GCC_WARN_UNINITIALIZED_AUTOS = YES_AGGRESSIVE;
				GCC_WARN_UNUSED_FUNCTION = YES;
				GCC_WARN_UNUSED_VARIABLE = YES;
				IPHONEOS_DEPLOYMENT_TARGET = 15.5;
				MTL_ENABLE_DEBUG_INFO = INCLUDE_SOURCE;
				MTL_FAST_MATH = YES;
				ONLY_ACTIVE_ARCH = YES;
				SDKROOT = iphoneos;
				SWIFT_ACTIVE_COMPILATION_CONDITIONS = DEBUG;
				SWIFT_OPTIMIZATION_LEVEL = "-Onone";
			};
			name = Debug;
		};
		795503EE284085AE00AC5B1F /* Release */ = {
			isa = XCBuildConfiguration;
			buildSettings = {
				ALWAYS_SEARCH_USER_PATHS = NO;
				CLANG_ANALYZER_NONNULL = YES;
				CLANG_ANALYZER_NUMBER_OBJECT_CONVERSION = YES_AGGRESSIVE;
				CLANG_CXX_LANGUAGE_STANDARD = "gnu++17";
				CLANG_ENABLE_MODULES = YES;
				CLANG_ENABLE_OBJC_ARC = YES;
				CLANG_ENABLE_OBJC_WEAK = YES;
				CLANG_WARN_BLOCK_CAPTURE_AUTORELEASING = YES;
				CLANG_WARN_BOOL_CONVERSION = YES;
				CLANG_WARN_COMMA = YES;
				CLANG_WARN_CONSTANT_CONVERSION = YES;
				CLANG_WARN_DEPRECATED_OBJC_IMPLEMENTATIONS = YES;
				CLANG_WARN_DIRECT_OBJC_ISA_USAGE = YES_ERROR;
				CLANG_WARN_DOCUMENTATION_COMMENTS = YES;
				CLANG_WARN_EMPTY_BODY = YES;
				CLANG_WARN_ENUM_CONVERSION = YES;
				CLANG_WARN_INFINITE_RECURSION = YES;
				CLANG_WARN_INT_CONVERSION = YES;
				CLANG_WARN_NON_LITERAL_NULL_CONVERSION = YES;
				CLANG_WARN_OBJC_IMPLICIT_RETAIN_SELF = YES;
				CLANG_WARN_OBJC_LITERAL_CONVERSION = YES;
				CLANG_WARN_OBJC_ROOT_CLASS = YES_ERROR;
				CLANG_WARN_QUOTED_INCLUDE_IN_FRAMEWORK_HEADER = YES;
				CLANG_WARN_RANGE_LOOP_ANALYSIS = YES;
				CLANG_WARN_STRICT_PROTOTYPES = YES;
				CLANG_WARN_SUSPICIOUS_MOVE = YES;
				CLANG_WARN_UNGUARDED_AVAILABILITY = YES_AGGRESSIVE;
				CLANG_WARN_UNREACHABLE_CODE = YES;
				CLANG_WARN__DUPLICATE_METHOD_MATCH = YES;
				COPY_PHASE_STRIP = NO;
				DEBUG_INFORMATION_FORMAT = "dwarf-with-dsym";
				ENABLE_NS_ASSERTIONS = NO;
				ENABLE_STRICT_OBJC_MSGSEND = YES;
				GCC_C_LANGUAGE_STANDARD = gnu11;
				GCC_NO_COMMON_BLOCKS = YES;
				GCC_WARN_64_TO_32_BIT_CONVERSION = YES;
				GCC_WARN_ABOUT_RETURN_TYPE = YES_ERROR;
				GCC_WARN_UNDECLARED_SELECTOR = YES;
				GCC_WARN_UNINITIALIZED_AUTOS = YES_AGGRESSIVE;
				GCC_WARN_UNUSED_FUNCTION = YES;
				GCC_WARN_UNUSED_VARIABLE = YES;
				IPHONEOS_DEPLOYMENT_TARGET = 15.5;
				MTL_ENABLE_DEBUG_INFO = NO;
				MTL_FAST_MATH = YES;
				SDKROOT = iphoneos;
				SWIFT_COMPILATION_MODE = wholemodule;
				SWIFT_OPTIMIZATION_LEVEL = "-O";
				VALIDATE_PRODUCT = YES;
			};
			name = Release;
		};
		795503F0284085AE00AC5B1F /* Debug */ = {
			isa = XCBuildConfiguration;
			buildSettings = {
				ASSETCATALOG_COMPILER_APPICON_NAME = AppIcon;
				ASSETCATALOG_COMPILER_GLOBAL_ACCENT_COLOR_NAME = AccentColor;
				CODE_SIGN_STYLE = Automatic;
				CURRENT_PROJECT_VERSION = 1;
				DEVELOPMENT_ASSET_PATHS = "\"WeatherApp/Preview Content\"";
				DEVELOPMENT_TEAM = T52649R4C5;
				ENABLE_PREVIEWS = YES;
				GENERATE_INFOPLIST_FILE = YES;
				INFOPLIST_KEY_UIApplicationSceneManifest_Generation = YES;
				INFOPLIST_KEY_UIApplicationSupportsIndirectInputEvents = YES;
				INFOPLIST_KEY_UILaunchScreen_Generation = YES;
				INFOPLIST_KEY_UISupportedInterfaceOrientations_iPad = "UIInterfaceOrientationPortrait UIInterfaceOrientationPortraitUpsideDown UIInterfaceOrientationLandscapeLeft UIInterfaceOrientationLandscapeRight";
				INFOPLIST_KEY_UISupportedInterfaceOrientations_iPhone = "UIInterfaceOrientationPortrait UIInterfaceOrientationLandscapeLeft UIInterfaceOrientationLandscapeRight";
				LD_RUNPATH_SEARCH_PATHS = (
					"$(inherited)",
					"@executable_path/Frameworks",
				);
				MARKETING_VERSION = 1.0;
				PRODUCT_BUNDLE_IDENTIFIER = com.sathush.Cw2.WeatherApp;
				PRODUCT_NAME = "$(TARGET_NAME)";
				SWIFT_EMIT_LOC_STRINGS = YES;
				SWIFT_VERSION = 5.0;
				TARGETED_DEVICE_FAMILY = "1,2";
			};
			name = Debug;
		};
		795503F1284085AE00AC5B1F /* Release */ = {
			isa = XCBuildConfiguration;
			buildSettings = {
				ASSETCATALOG_COMPILER_APPICON_NAME = AppIcon;
				ASSETCATALOG_COMPILER_GLOBAL_ACCENT_COLOR_NAME = AccentColor;
				CODE_SIGN_STYLE = Automatic;
				CURRENT_PROJECT_VERSION = 1;
				DEVELOPMENT_ASSET_PATHS = "\"WeatherApp/Preview Content\"";
				DEVELOPMENT_TEAM = T52649R4C5;
				ENABLE_PREVIEWS = YES;
				GENERATE_INFOPLIST_FILE = YES;
				INFOPLIST_KEY_UIApplicationSceneManifest_Generation = YES;
				INFOPLIST_KEY_UIApplicationSupportsIndirectInputEvents = YES;
				INFOPLIST_KEY_UILaunchScreen_Generation = YES;
				INFOPLIST_KEY_UISupportedInterfaceOrientations_iPad = "UIInterfaceOrientationPortrait UIInterfaceOrientationPortraitUpsideDown UIInterfaceOrientationLandscapeLeft UIInterfaceOrientationLandscapeRight";
				INFOPLIST_KEY_UISupportedInterfaceOrientations_iPhone = "UIInterfaceOrientationPortrait UIInterfaceOrientationLandscapeLeft UIInterfaceOrientationLandscapeRight";
				LD_RUNPATH_SEARCH_PATHS = (
					"$(inherited)",
					"@executable_path/Frameworks",
				);
				MARKETING_VERSION = 1.0;
				PRODUCT_BUNDLE_IDENTIFIER = com.sathush.Cw2.WeatherApp;
				PRODUCT_NAME = "$(TARGET_NAME)";
				SWIFT_EMIT_LOC_STRINGS = YES;
				SWIFT_VERSION = 5.0;
				TARGETED_DEVICE_FAMILY = "1,2";
			};
			name = Release;
		};
/* End XCBuildConfiguration section */

/* Begin XCConfigurationList section */
		795503DC284085AC00AC5B1F /* Build configuration list for PBXProject "WeatherApp" */ = {
			isa = XCConfigurationList;
			buildConfigurations = (
				795503ED284085AE00AC5B1F /* Debug */,
				795503EE284085AE00AC5B1F /* Release */,
			);
			defaultConfigurationIsVisible = 0;
			defaultConfigurationName = Release;
		};
		795503EF284085AE00AC5B1F /* Build configuration list for PBXNativeTarget "WeatherApp" */ = {
			isa = XCConfigurationList;
			buildConfigurations = (
				795503F0284085AE00AC5B1F /* Debug */,
				795503F1284085AE00AC5B1F /* Release */,
			);
			defaultConfigurationIsVisible = 0;
			defaultConfigurationName = Release;
		};
/* End XCConfigurationList section */
	};
	rootObject = 795503D9284085AC00AC5B1F /* Project object */;
}
